
Microsoft Visual Studio Solution File, Format Version 12.00
# Visual Studio Version 17
VisualStudioVersion = 17.8.34330.188
MinimumVisualStudioVersion = 10.0.40219.1
Project("{FAE04EC0-301F-11D3-BF4B-00C04F79EFBC}") = "OnlineFoodOrderApp_API", "OnlineFoodOrderApp_API\OnlineFoodOrderApp_API.csproj", "{D042E886-426A-4D86-86CD-093D3296A40C}"
EndProject
Project("{FAE04EC0-301F-11D3-BF4B-00C04F79EFBC}") = "FoodOrderingAPI", "..\OnlineFoodOrderApp.API\FoodOrderingAPI.csproj", "{1DFD5597-0E3C-5C2E-7424-987764913FE3}"
EndProject
Global
	GlobalSection(SolutionConfigurationPlatforms) = preSolution
		Debug|Any CPU = Debug|Any CPU
		Release|Any CPU = Release|Any CPU
	EndGlobalSection
	GlobalSection(ProjectConfigurationPlatforms) = postSolution
		{D042E886-426A-4D86-86CD-093D3296A40C}.Debug|Any CPU.ActiveCfg = Debug|Any CPU
		{D042E886-426A-4D86-86CD-093D3296A40C}.Debug|Any CPU.Build.0 = Debug|Any CPU
		{D042E886-426A-4D86-86CD-093D3296A40C}.Release|Any CPU.ActiveCfg = Release|Any CPU
		{D042E886-426A-4D86-86CD-093D3296A40C}.Release|Any CPU.Build.0 = Release|Any CPU
		{1DFD5597-0E3C-5C2E-7424-987764913FE3}.Debug|Any CPU.ActiveCfg = Debug|Any CPU
		{1DFD5597-0E3C-5C2E-7424-987764913FE3}.Debug|Any CPU.Build.0 = Debug|Any CPU
		{1DFD5597-0E3C-5C2E-7424-987764913FE3}.Release|Any CPU.ActiveCfg = Release|Any CPU
		{1DFD5597-0E3C-5C2E-7424-987764913FE3}.Release|Any CPU.Build.0 = Release|Any CPU
	EndGlobalSection
	GlobalSection(SolutionProperties) = preSolution
		HideSolutionNode = FALSE
	EndGlobalSection
	GlobalSection(ExtensibilityGlobals) = postSolution
		SolutionGuid = {7FED64B7-F7FC-41BC-993E-1CEB085EACCC}
	EndGlobalSection
EndGlobal
